
Microsoft Visual Studio Solution File, Format Version 12.00
# Visual Studio Version 16
VisualStudioVersion = 16.0.31205.134
MinimumVisualStudioVersion = 10.0.40219.1
Project("{FAE04EC0-301F-11D3-BF4B-00C04F79EFBC}") = "Eadent", "Eadent\Eadent.csproj", "{C3992656-0644-4527-ACE6-9A66AB22198C}"
EndProject
Global
	GlobalSection(SolutionConfigurationPlatforms) = preSolution
		Debug|Any CPU = Debug|Any CPU
		Release|Any CPU = Release|Any CPU
	EndGlobalSection
	GlobalSection(ProjectConfigurationPlatforms) = postSolution
		{C3992656-0644-4527-ACE6-9A66AB22198C}.Debug|Any CPU.ActiveCfg = Debug|Any CPU
		{C3992656-0644-4527-ACE6-9A66AB22198C}.Debug|Any CPU.Build.0 = Debug|Any CPU
		{C3992656-0644-4527-ACE6-9A66AB22198C}.Release|Any CPU.ActiveCfg = Release|Any CPU
		{C3992656-0644-4527-ACE6-9A66AB22198C}.Release|Any CPU.Build.0 = Release|Any CPU
	EndGlobalSection
	GlobalSection(SolutionProperties) = preSolution
		HideSolutionNode = FALSE
	EndGlobalSection
	GlobalSection(ExtensibilityGlobals) = postSolution
		SolutionGuid = {22782C31-7C92-4698-B184-E1764E441D57}
	EndGlobalSection
EndGlobal
